hash: adb043aa67fe50ca50cba159c9f82cc51c8075498755827a7b11f5e47b2ea9dd
updated: 2016-04-12T00:35:59.392821758-05:00
imports:
- name: github.com/golang/protobuf
  version: 2402d76f3d41f928c7902a765dfc872356dd3aad
  subpackages:
  - proto
- name: github.com/kr/fs
  version: 2788f0dbd16903de03cb8186e5c7d97b69ad387b
- name: github.com/onsi/ginkgo
  version: e43390e35a4a88f3f95d5ddf9055efb7a1170469
- name: github.com/onsi/gomega
  version: 0fe204460da2c8fa1babcaac196e694de8f1aaa1
- name: github.com/op/go-logging
  version: dfaf3dff9b631bc4236201d90d41ee0de9202889
- name: github.com/pborman/uuid
  version: c55201b036063326c5b1b89ccfe45a184973d073
- name: github.com/pivotal-golang/lager
  version: 95b2ada4cdf781bdcf07e5207879e034ac8c5314
- name: github.com/pkg/sftp
  version: 8a7343c6ed99a2934aea9c08c923c11df775b6db
- name: github.com/rlmcpherson/s3gof3r
  version: b574ee38528c51c2c8652b79e71245817c59bd61
- name: github.com/technoweenie/multipartstreamer
  version: a90a01d73ae432e2611d178c18367fbaa13e0154
- name: github.com/xchapter7x/lo
  version: aa2602d0e8e8647f0ce7b53109b37040941915aa
- name: golang.org/x/crypto
  version: 3fbbcd23f1cb824e69491a5930cfeff09b12f4d2
  subpackages:
  - ssh
  - curve25519
devImports: []
